
Microsoft Visual Studio Solution File, Format Version 12.00
# Visual Studio Version 17
VisualStudioVersion = 17.5.33424.131
MinimumVisualStudioVersion = 10.0.40219.1
Project("{FAE04EC0-301F-11D3-BF4B-00C04F79EFBC}") = "DerleyiciProje", "DerleyiciProje\DerleyiciProje.csproj", "{8BC055FD-D1B6-4FF8-8654-FB3B6D6F6C41}"
EndProject
Global
	GlobalSection(SolutionConfigurationPlatforms) = preSolution
		Debug|Any CPU = Debug|Any CPU
		Release|Any CPU = Release|Any CPU
	EndGlobalSection
	GlobalSection(ProjectConfigurationPlatforms) = postSolution
		{8BC055FD-D1B6-4FF8-8654-FB3B6D6F6C41}.Debug|Any CPU.ActiveCfg = Debug|Any CPU
		{8BC055FD-D1B6-4FF8-8654-FB3B6D6F6C41}.Debug|Any CPU.Build.0 = Debug|Any CPU
		{8BC055FD-D1B6-4FF8-8654-FB3B6D6F6C41}.Release|Any CPU.ActiveCfg = Release|Any CPU
		{8BC055FD-D1B6-4FF8-8654-FB3B6D6F6C41}.Release|Any CPU.Build.0 = Release|Any CPU
	EndGlobalSection
	GlobalSection(SolutionProperties) = preSolution
		HideSolutionNode = FALSE
	EndGlobalSection
	GlobalSection(ExtensibilityGlobals) = postSolution
		SolutionGuid = {7CFAD457-552B-4BE3-B7D0-BBFF488CB280}
	EndGlobalSection
EndGlobal
